hash: 0233b2f21cb4fe97b61159c5c930f840c58157a44d029b76640b805eaa9841b5
updated: 2018-10-03T10:44:07.822054594+02:00
imports:
- name: github.com/beorn7/perks
  version: 3a771d992973f24aa725d07868b467d1ddfceafb
  subpackages:
  - quantile
- name: github.com/certifi/gocertifi
  version: ee1a9a0726d2ae45f54118cac878c990d4016ded
- name: github.com/cyberdelia/statsd
  version: b1a41df90100a1421f276a4bacd664803a7b7f0b
- name: github.com/davecgh/go-spew
  version: d8f796af33cc11cb798c1aaeb27a4ebc5099927d
  subpackages:
  - spew
- name: github.com/garyburd/redigo
  version: a69d19351219b6dd56f274f96d85a7014a2ec34e
  subpackages:
  - internal
  - redis
- name: github.com/getsentry/raven-go
  version: 084a9de9eb0361fbd5ded14b55c84e5493a5d7f6
- name: github.com/gocql/gocql
  version: 7ce14ecfedc6040abe54bd0a1dfaed2cf283e0a0
  subpackages:
  - internal/lru
  - internal/murmur
  - internal/streams
- name: github.com/golang/protobuf
  version: aa810b61a9c79d51363740d207bb46cf8e620ed5
  subpackages:
  - proto
- name: github.com/golang/snappy
  version: 2e65f85255dbc3072edf28d6b5b8efc472979f5a
- name: github.com/hailocab/go-hostpool
  version: e80d13ce29ede4452c43dea11e79b9bc8a15b478
- name: github.com/jinzhu/gorm
  version: 6ed508ec6a4ecb3531899a69cbc746ccf65a4166
- name: github.com/jinzhu/inflection
  version: 04140366298a54a039076d798123ffa108fff46c
- name: github.com/lib/pq
  version: 4ded0e9383f75c197b3a2aaa6d590ac52df6fd79
  subpackages:
  - oid
- name: github.com/mattes/migrate
  version: 4768a648fbd9e04389a73a21139d14a4ccb1a61a
  subpackages:
  - database
  - database/cassandra
  - database/postgres
  - database/sqlite3
  - migrate
  - source
- name: github.com/mattn/go-sqlite3
  version: 25ecb14adfc7543176f7d85291ec7dba82c6f7e4
- name: github.com/matttproud/golang_protobuf_extensions
  version: c12348ce28de40eed0136aa2b644d0ee0650e56c
  subpackages:
  - pbutil
- name: github.com/pkg/errors
  version: c059e472caf75dbe73903f6521a20abac245b17f
- name: github.com/pmezard/go-difflib
  version: 792786c7400a136282c1664665ae0a8db921c6c2
  subpackages:
  - difflib
- name: github.com/prometheus/client_golang
  version: c5b7fccd204277076155f10851dad72b76a49317
  subpackages:
  - prometheus
  - prometheus/push
- name: github.com/prometheus/client_model
  version: 5c3871d89910bfb32f5fcab2aa4b9ec68e65a99f
  subpackages:
  - go
- name: github.com/prometheus/common
  version: c7de2306084e37d54b8be01f3541a8464345e9a5
  subpackages:
  - expfmt
  - internal/bitbucket.org/ww/goautoneg
  - model
- name: github.com/prometheus/procfs
  version: 418d78d0b9a7b7de3a6bbc8a23def624cc977bb2
  subpackages:
  - internal/util
  - nfs
  - xfs
- name: github.com/streadway/amqp
  version: 70e15c650864f4fc47f5d3c82ea117285480895d
- name: github.com/stretchr/testify
  version: 2db35c88b92a1631e987089b5485a95e68bc5d3a
  subpackages:
  - assert
- name: github.com/upfluence/base
  version: v0.1.23
  subpackages:
  - base_service
  - monitoring
  - service/thrift/transport/http
  - service/thrift/transport/rabbitmq
  - service/thrift_service
  - version
- name: github.com/upfluence/log
  version: 12d1367b2b0f18372fa72dff7ccf02561940e8b9
  subpackages:
  - internal/stacktrace
  - record
  - sink
  - sink/error_logger
  - sink/leveled
  - sink/multi
  - sink/writer
- name: github.com/upfluence/proxy
  version: v0.0.6
  subpackages:
  - http
- name: github.com/upfluence/thrift
  version: c2da4bf985ee4fabf67d24c8b4821200ebf82c0e
  subpackages:
  - lib/go/thrift
- name: github.com/upfluence/uthrift-go
  version: acfd0522d9dadc962c50886f317d5dd5931a65f7
  repo: git@github.com:upfluence/uthrift-go.git
  vcs: git
  subpackages:
  - pkg/responseutil
  - uthrift
  - uthrift/client/pool
  - uthrift/clientprovider
  - uthrift/context
  - uthrift/context/.gen/context
  - uthrift/context/httputil
  - uthrift/middleware
  - uthrift/middleware/logger
  - uthrift/middleware/prometheus
  - uthrift/middleware/stapler
  - uthrift/transport/base
  - uthrift/transport/http/binary
- name: golang.org/x/text
  version: 905a57155faa8230500121607930ebb9dd8e139c
  subpackages:
  - encoding
  - encoding/charmap
  - encoding/internal
  - encoding/internal/identifier
  - transform
  - unicode/norm
- name: gopkg.in/inf.v0
  version: d2d2541c53f18d2a059457998ce2876cc8e67cbf
testImports: []
