hash: d0beb1039b0347739521a85513e9dde96295e34a8b096f15cb5d175a42abd477
updated: 2020-01-30T10:33:43.936244623+01:00
imports:
- name: github.com/beorn7/perks
  version: 37c8de3658fcb183f997c4e13e8337516ab753e6
  subpackages:
  - quantile
- name: github.com/certifi/gocertifi
  version: a6d78f326758ac5f79e9c3eddc38723d07216c3a
- name: github.com/coreos/etcd
  version: 98d308426819d892e149fe45f6fd542464cb1f9d
  repo: git@github.com:etcd-io/etcd.git
  vcs: git
  subpackages:
  - client
  - pkg/pathutil
  - pkg/srv
  - pkg/types
  - version
- name: github.com/coreos/go-semver
  version: 8ab6407b697782a06568d4b7f1db25550ec2e4c6
  subpackages:
  - semver
- name: github.com/cyberdelia/statsd
  version: 9a74169bea7b3e4e5452bf58e63c2de28e0d3417
- name: github.com/davecgh/go-spew
  version: d8f796af33cc11cb798c1aaeb27a4ebc5099927d
  subpackages:
  - spew
- name: github.com/garyburd/redigo
  version: a69d19351219b6dd56f274f96d85a7014a2ec34e
  subpackages:
  - internal
  - redis
- name: github.com/getsentry/raven-go
  version: 5c24d5110e0e198d9ae16f1f3465366085001d92
- name: github.com/gocql/gocql
  version: 95d072f1b5bbc604ce10f41ce1c914578592ed00
  subpackages:
  - internal/lru
  - internal/murmur
  - internal/streams
- name: github.com/golang/protobuf
  version: d23c5127dc24889085f8ccea5c9d560a57a879d8
  subpackages:
  - proto
- name: github.com/golang/snappy
  version: ff6b7dc882cf4cfba7ee0b9f7dcc1ac096c554aa
- name: github.com/hailocab/go-hostpool
  version: e80d13ce29ede4452c43dea11e79b9bc8a15b478
- name: github.com/jinzhu/gorm
  version: 79a77d771dee4e4b60e9c543e8663bbc80466670
- name: github.com/jinzhu/inflection
  version: f5c5f50e6090ae76a29240b61ae2a90dd810112e
- name: github.com/json-iterator/go
  version: 49c900ee46e6efa73ea31a4eef029bc0a19a1ed9
- name: github.com/lib/pq
  version: 9eb3fc897d6fd97dd4aad3d0404b54e2f7cc56be
  subpackages:
  - oid
  - scram
- name: github.com/mattes/migrate
  version: 4768a648fbd9e04389a73a21139d14a4ccb1a61a
  subpackages:
  - database
  - database/cassandra
  - database/postgres
  - database/sqlite3
  - migrate
  - source
- name: github.com/mattn/go-sqlite3
  version: 590d44c02bca83987d23f6eab75e6d0ddf95f644
- name: github.com/matttproud/golang_protobuf_extensions
  version: c182affec369e30f25d3eb8cd8a478dee585ae7d
  subpackages:
  - pbutil
- name: github.com/modern-go/concurrent
  version: bacd9c7ef1dd9b15be4a9909b8ac7a4e313eec94
- name: github.com/modern-go/reflect2
  version: 94122c33edd36123c84d5368cfb2b69df93a0ec8
- name: github.com/pkg/errors
  version: 614d223910a179a466c1767a985424175c39b465
- name: github.com/pmezard/go-difflib
  version: 5d4384ee4fb2527b0a1256a821ebfc92f91efefc
  subpackages:
  - difflib
- name: github.com/prometheus/client_golang
  version: 170205fb58decfd011f1550d4cfb737230d7ae4f
  subpackages:
  - prometheus
  - prometheus/internal
  - prometheus/push
- name: github.com/prometheus/client_model
  version: 6f3806018612930941127f2a7c6c453ba2c527d2
  subpackages:
  - go
- name: github.com/prometheus/common
  version: e3fb1a1acd7605367a2b378bc2e2f893c05174b7
  subpackages:
  - expfmt
  - internal/bitbucket.org/ww/goautoneg
  - model
- name: github.com/prometheus/procfs
  version: 6d489fc7f1d9cd890a250f3ea3431b1744b9623f
  subpackages:
  - internal/fs
  - internal/util
- name: github.com/streadway/amqp
  version: 1c71cc93ed716f9a6f4c2ae8955c25f9176d9f19
- name: github.com/stretchr/testify
  version: ea72eb91592e90d15a9e03ffe61f02493135d843
  subpackages:
  - assert
- name: github.com/upfluence/base
  version: v0.1.38
  subpackages:
  - base_service
  - monitoring
  - service/thrift/transport/http
  - service/thrift/transport/rabbitmq
  - service/thrift_service
  - version
- name: github.com/upfluence/log
  version: c9875854d3b869d94692984ab932fa603bc9dd6b
  subpackages:
  - internal/stacktrace
  - record
  - sink
  - sink/error_logger
  - sink/leveled
  - sink/multi
  - sink/writer
- name: github.com/upfluence/stats
  version: 5dd0f0409179ae641533e482848dbc818e027128
- name: github.com/upfluence/thrift
  version: 65bc4e31da5e5b178118985e286c7a7887fe2d0d
  subpackages:
  - lib/go/thrift
- name: golang.org/x/sys
  version: ebfc5b4631820b793c9010c87fd8fef0f39eb082
  subpackages:
  - windows
- name: golang.org/x/text
  version: b19bf474d317b857955b12035d2c5acb57ce8b01
  subpackages:
  - encoding
  - encoding/charmap
  - encoding/internal
  - encoding/internal/identifier
  - secure/bidirule
  - transform
  - unicode/bidi
  - unicode/norm
- name: gopkg.in/inf.v0
  version: d2d2541c53f18d2a059457998ce2876cc8e67cbf
- name: gopkg.in/yaml.v2
  version: cd8b52f8269e0feb286dfeef29f8fe4d5b397e0b
testImports: []
